
Microsoft Visual Studio Solution File, Format Version 12.00
# Visual Studio Version 17
VisualStudioVersion = 17.11.35312.102
MinimumVisualStudioVersion = 10.0.40219.1
Project("{FAE04EC0-301F-11D3-BF4B-00C04F79EFBC}") = "Exam", "Exam\Exam.csproj", "{190B5A87-3C54-490E-A76A-1973FF8184DF}"
EndProject
Global
	GlobalSection(SolutionConfigurationPlatforms) = preSolution
		Debug|Any CPU = Debug|Any CPU
		Release|Any CPU = Release|Any CPU
	EndGlobalSection
	GlobalSection(ProjectConfigurationPlatforms) = postSolution
		{190B5A87-3C54-490E-A76A-1973FF8184DF}.Debug|Any CPU.ActiveCfg = Debug|Any CPU
		{190B5A87-3C54-490E-A76A-1973FF8184DF}.Debug|Any CPU.Build.0 = Debug|Any CPU
		{190B5A87-3C54-490E-A76A-1973FF8184DF}.Release|Any CPU.ActiveCfg = Release|Any CPU
		{190B5A87-3C54-490E-A76A-1973FF8184DF}.Release|Any CPU.Build.0 = Release|Any CPU
	EndGlobalSection
	GlobalSection(SolutionProperties) = preSolution
		HideSolutionNode = FALSE
	EndGlobalSection
	GlobalSection(ExtensibilityGlobals) = postSolution
		SolutionGuid = {A7D00D97-D754-45F5-82F0-556240F2E126}
	EndGlobalSection
EndGlobal
